
Microsoft Visual Studio Solution File, Format Version 12.00
# Visual Studio Version 17
VisualStudioVersion = 17.3.32819.101
MinimumVisualStudioVersion = 10.0.40219.1
Project("{9A19103F-16F7-4668-BE54-9A1E7A4F7556}") = "WinFormsControlLibraryBasharin", "..\WinFormsControlLibraryBasharin\WinFormsControlLibraryBasharin.csproj", "{8D8EDE31-9733-464C-A171-DCAABB205564}"
EndProject
Project("{9A19103F-16F7-4668-BE54-9A1E7A4F7556}") = "WinFormsControlLibraryBasharinLab2", "..\WinFormsControlLibraryBasharinLab2\WinFormsControlLibraryBasharinLab2.csproj", "{E2030123-E4D2-4198-B021-A62C02D412B4}"
EndProject
Project("{9A19103F-16F7-4668-BE54-9A1E7A4F7556}") = "Database", "..\Database\Database.csproj", "{2FCD4028-59CA-4309-884B-BAA85A2EE83D}"
EndProject
Project("{9A19103F-16F7-4668-BE54-9A1E7A4F7556}") = "ComponentsLibrary", "..\ComponentsLibrary\ComponentsLibrary.csproj", "{24BEC0EB-41FF-4B83-B02D-5E3C45965EC4}"
EndProject
Project("{9A19103F-16F7-4668-BE54-9A1E7A4F7556}") = "LibraryContracts", "..\LibraryContracts\LibraryContracts.csproj", "{DEF8F8AA-5B0D-44E9-9E17-99766FE5A409}"
EndProject
Project("{9A19103F-16F7-4668-BE54-9A1E7A4F7556}") = "LibraryBusinessLogic", "..\LibraryBusinessLogic\LibraryBusinessLogic.csproj", "{EA698EB2-2E36-4CD1-A419-A6DF68338D5B}"
EndProject
Project("{9A19103F-16F7-4668-BE54-9A1E7A4F7556}") = "ViewForm", "..\ViewForm\ViewForm.csproj", "{D4CAB757-A4FF-4637-9491-D913A55386D7}"
EndProject
Project("{FAE04EC0-301F-11D3-BF4B-00C04F79EFBC}") = "PluginsConventionLibrary", "PluginsConventionLibrary\PluginsConventionLibrary.csproj", "{DB6CA185-8E32-4528-8006-F1EAD944AF9D}"
EndProject
Global
	GlobalSection(SolutionConfigurationPlatforms) = preSolution
		Debug|Any CPU = Debug|Any CPU
		Release|Any CPU = Release|Any CPU
	EndGlobalSection
	GlobalSection(ProjectConfigurationPlatforms) = postSolution
		{8D8EDE31-9733-464C-A171-DCAABB205564}.Debug|Any CPU.ActiveCfg = Debug|Any CPU
		{8D8EDE31-9733-464C-A171-DCAABB205564}.Debug|Any CPU.Build.0 = Debug|Any CPU
		{8D8EDE31-9733-464C-A171-DCAABB205564}.Release|Any CPU.ActiveCfg = Release|Any CPU
		{8D8EDE31-9733-464C-A171-DCAABB205564}.Release|Any CPU.Build.0 = Release|Any CPU
		{E2030123-E4D2-4198-B021-A62C02D412B4}.Debug|Any CPU.ActiveCfg = Debug|Any CPU
		{E2030123-E4D2-4198-B021-A62C02D412B4}.Debug|Any CPU.Build.0 = Debug|Any CPU
		{E2030123-E4D2-4198-B021-A62C02D412B4}.Release|Any CPU.ActiveCfg = Release|Any CPU
		{E2030123-E4D2-4198-B021-A62C02D412B4}.Release|Any CPU.Build.0 = Release|Any CPU
		{2FCD4028-59CA-4309-884B-BAA85A2EE83D}.Debug|Any CPU.ActiveCfg = Debug|Any CPU
		{2FCD4028-59CA-4309-884B-BAA85A2EE83D}.Debug|Any CPU.Build.0 = Debug|Any CPU
		{2FCD4028-59CA-4309-884B-BAA85A2EE83D}.Release|Any CPU.ActiveCfg = Release|Any CPU
		{2FCD4028-59CA-4309-884B-BAA85A2EE83D}.Release|Any CPU.Build.0 = Release|Any CPU
		{24BEC0EB-41FF-4B83-B02D-5E3C45965EC4}.Debug|Any CPU.ActiveCfg = Debug|Any CPU
		{24BEC0EB-41FF-4B83-B02D-5E3C45965EC4}.Debug|Any CPU.Build.0 = Debug|Any CPU
		{24BEC0EB-41FF-4B83-B02D-5E3C45965EC4}.Release|Any CPU.ActiveCfg = Release|Any CPU
		{24BEC0EB-41FF-4B83-B02D-5E3C45965EC4}.Release|Any CPU.Build.0 = Release|Any CPU
		{DEF8F8AA-5B0D-44E9-9E17-99766FE5A409}.Debug|Any CPU.ActiveCfg = Debug|Any CPU
		{DEF8F8AA-5B0D-44E9-9E17-99766FE5A409}.Debug|Any CPU.Build.0 = Debug|Any CPU
		{DEF8F8AA-5B0D-44E9-9E17-99766FE5A409}.Release|Any CPU.ActiveCfg = Release|Any CPU
		{DEF8F8AA-5B0D-44E9-9E17-99766FE5A409}.Release|Any CPU.Build.0 = Release|Any CPU
		{EA698EB2-2E36-4CD1-A419-A6DF68338D5B}.Debug|Any CPU.ActiveCfg = Debug|Any CPU
		{EA698EB2-2E36-4CD1-A419-A6DF68338D5B}.Debug|Any CPU.Build.0 = Debug|Any CPU
		{EA698EB2-2E36-4CD1-A419-A6DF68338D5B}.Release|Any CPU.ActiveCfg = Release|Any CPU
		{EA698EB2-2E36-4CD1-A419-A6DF68338D5B}.Release|Any CPU.Build.0 = Release|Any CPU
		{D4CAB757-A4FF-4637-9491-D913A55386D7}.Debug|Any CPU.ActiveCfg = Debug|Any CPU
		{D4CAB757-A4FF-4637-9491-D913A55386D7}.Debug|Any CPU.Build.0 = Debug|Any CPU
		{D4CAB757-A4FF-4637-9491-D913A55386D7}.Release|Any CPU.ActiveCfg = Release|Any CPU
		{D4CAB757-A4FF-4637-9491-D913A55386D7}.Release|Any CPU.Build.0 = Release|Any CPU
		{DB6CA185-8E32-4528-8006-F1EAD944AF9D}.Debug|Any CPU.ActiveCfg = Debug|Any CPU
		{DB6CA185-8E32-4528-8006-F1EAD944AF9D}.Debug|Any CPU.Build.0 = Debug|Any CPU
		{DB6CA185-8E32-4528-8006-F1EAD944AF9D}.Release|Any CPU.ActiveCfg = Release|Any CPU
		{DB6CA185-8E32-4528-8006-F1EAD944AF9D}.Release|Any CPU.Build.0 = Release|Any CPU
	EndGlobalSection
	GlobalSection(SolutionProperties) = preSolution
		HideSolutionNode = FALSE
	EndGlobalSection
	GlobalSection(ExtensibilityGlobals) = postSolution
		SolutionGuid = {F13D4BE3-48D2-4E47-A6EE-8D36430C4B8F}
	EndGlobalSection
EndGlobal
